
Microsoft Visual Studio Solution File, Format Version 12.00
# Visual Studio Version 17
VisualStudioVersion = 17.13.35931.197
MinimumVisualStudioVersion = 10.0.40219.1
Project("{FAE04EC0-301F-11D3-BF4B-00C04F79EFBC}") = "TrinityCore.3.3.5.ClientLibrary.Net", "TrinityCore.3.3.5.ClientLibrary.Net\TrinityCore.3.3.5.ClientLibrary.Net.csproj", "{CF705F35-B021-4E38-8715-158DCBA561E2}"
EndProject
Project("{FAE04EC0-301F-11D3-BF4B-00C04F79EFBC}") = "TrinityCore.3.3.5.ClientLibrary.Network", "TrinityCore.3.3.5.ClientLibrary.Network\TrinityCore.3.3.5.ClientLibrary.Network.csproj", "{AB95B351-EC1B-418D-BFEC-8FBD7EA0E8BD}"
EndProject
Project("{FAE04EC0-301F-11D3-BF4B-00C04F79EFBC}") = "TrinityCore.3.3.5.ClientLibrary.Pathfinding", "TrinityCore.3.3.5.ClientLibrary.Pathfinding\TrinityCore.3.3.5.ClientLibrary.Pathfinding.csproj", "{63AFAC43-6D98-42E5-A4FE-122E7953AFC6}"
EndProject
Project("{FAE04EC0-301F-11D3-BF4B-00C04F79EFBC}") = "TrinityCore.3.3.5.ClientLibrary.Shared", "TrinityCore.3.3.5.ClientLibrary.Shared\TrinityCore.3.3.5.ClientLibrary.Shared.csproj", "{CFFBBECF-8EB7-41A8-870B-0B3FBB1F01A9}"
EndProject
Project("{FAE04EC0-301F-11D3-BF4B-00C04F79EFBC}") = "TrinityCore.3.3.5.ClientLibrary.Console", "TrinityCore.3.3.5.ClientLibrary.Console\TrinityCore.3.3.5.ClientLibrary.Console.csproj", "{D627F8F7-10B8-4CC4-AC55-C4FFC2BB8F28}"
EndProject
Project("{FAE04EC0-301F-11D3-BF4B-00C04F79EFBC}") = "TrinityCore.3.3.5.ClientLibrary.Client", "TrinityCore.3.3.5.ClientLibrary.Client\TrinityCore.3.3.5.ClientLibrary.Client.csproj", "{A6D51996-A726-4B63-9D27-5C92EA5CDCDA}"
EndProject
Project("{FAE04EC0-301F-11D3-BF4B-00C04F79EFBC}") = "TrinityCore.3.3.5.ClientLibrary.AuthNetwork", "TrinityCore.3.3.5.ClientLibrary.AuthNetwork\TrinityCore.3.3.5.ClientLibrary.AuthNetwork.csproj", "{BAD00B20-13BB-481F-A7A9-1985A7B96AFB}"
EndProject
Project("{2150E333-8FDC-42A3-9474-1A3956D46DE8}") = "Network", "Network", "{02EA681E-C7D8-13C7-8484-4AC65E1B71E8}"
EndProject
Project("{2150E333-8FDC-42A3-9474-1A3956D46DE8}") = "Shared", "Shared", "{B89267A4-45A4-4A51-9316-BDAD31A21C07}"
EndProject
Project("{FAE04EC0-301F-11D3-BF4B-00C04F79EFBC}") = "TrinityCore.3.3.5.ClientLibrary.WorldNetwork", "TrinityCore.3.3.5.ClientLibrary.WorldNetwork\TrinityCore.3.3.5.ClientLibrary.WorldNetwork.csproj", "{A09BC863-784D-4906-A5A9-AD8173B77E80}"
EndProject
Project("{FAE04EC0-301F-11D3-BF4B-00C04F79EFBC}") = "TrinityCore.3.3.5.ClientLibrary.WorldState", "TrinityCore.3.3.5.ClientLibrary.WorldState\TrinityCore.3.3.5.ClientLibrary.WorldState.csproj", "{03BBC77A-07E2-4392-9555-E0A579DA47DE}"
EndProject
Project("{FAE04EC0-301F-11D3-BF4B-00C04F79EFBC}") = "TrinityCore.3.3.5.ClientLibrary.Dbc", "TrinityCore.3.3.5.ClientLibrary.Dbc\TrinityCore.3.3.5.ClientLibrary.Dbc.csproj", "{4FA65DEA-7EFD-4F2F-A2B0-56198CBD594B}"
EndProject
Project("{2150E333-8FDC-42A3-9474-1A3956D46DE8}") = "Dbc", "Dbc", "{CEDE8735-623E-49D3-AC54-65324CA01E58}"
EndProject
Project("{FAE04EC0-301F-11D3-BF4B-00C04F79EFBC}") = "TrinityCore.3.3.5.ClientLibrary.Dbc.Tests", "TrinityCore.3.3.5.ClientLibrary.Dbc.Tests\TrinityCore.3.3.5.ClientLibrary.Dbc.Tests.csproj", "{64E9C474-B97B-42C3-A9A5-2EDC6A8C8172}"
EndProject
Project("{2150E333-8FDC-42A3-9474-1A3956D46DE8}") = "Map", "Map", "{16AD78D2-DAD1-4B72-90B6-3DA63F1BAB7A}"
EndProject
Project("{FAE04EC0-301F-11D3-BF4B-00C04F79EFBC}") = "TrinityCore.3.3.5.ClientLibrary.Map", "TrinityCore.3.3.5.ClientLibrary.Map\TrinityCore.3.3.5.ClientLibrary.Map.csproj", "{D59778DE-5795-4AB7-9EFF-AF211814E953}"
EndProject
Global
	GlobalSection(SolutionConfigurationPlatforms) = preSolution
		Debug|Any CPU = Debug|Any CPU
		Release|Any CPU = Release|Any CPU
	EndGlobalSection
	GlobalSection(ProjectConfigurationPlatforms) = postSolution
		{CF705F35-B021-4E38-8715-158DCBA561E2}.Debug|Any CPU.ActiveCfg = Debug|Any CPU
		{CF705F35-B021-4E38-8715-158DCBA561E2}.Debug|Any CPU.Build.0 = Debug|Any CPU
		{CF705F35-B021-4E38-8715-158DCBA561E2}.Release|Any CPU.ActiveCfg = Release|Any CPU
		{CF705F35-B021-4E38-8715-158DCBA561E2}.Release|Any CPU.Build.0 = Release|Any CPU
		{AB95B351-EC1B-418D-BFEC-8FBD7EA0E8BD}.Debug|Any CPU.ActiveCfg = Debug|Any CPU
		{AB95B351-EC1B-418D-BFEC-8FBD7EA0E8BD}.Debug|Any CPU.Build.0 = Debug|Any CPU
		{AB95B351-EC1B-418D-BFEC-8FBD7EA0E8BD}.Release|Any CPU.ActiveCfg = Release|Any CPU
		{AB95B351-EC1B-418D-BFEC-8FBD7EA0E8BD}.Release|Any CPU.Build.0 = Release|Any CPU
		{63AFAC43-6D98-42E5-A4FE-122E7953AFC6}.Debug|Any CPU.ActiveCfg = Debug|Any CPU
		{63AFAC43-6D98-42E5-A4FE-122E7953AFC6}.Debug|Any CPU.Build.0 = Debug|Any CPU
		{63AFAC43-6D98-42E5-A4FE-122E7953AFC6}.Release|Any CPU.ActiveCfg = Release|Any CPU
		{63AFAC43-6D98-42E5-A4FE-122E7953AFC6}.Release|Any CPU.Build.0 = Release|Any CPU
		{CFFBBECF-8EB7-41A8-870B-0B3FBB1F01A9}.Debug|Any CPU.ActiveCfg = Debug|Any CPU
		{CFFBBECF-8EB7-41A8-870B-0B3FBB1F01A9}.Debug|Any CPU.Build.0 = Debug|Any CPU
		{CFFBBECF-8EB7-41A8-870B-0B3FBB1F01A9}.Release|Any CPU.ActiveCfg = Release|Any CPU
		{CFFBBECF-8EB7-41A8-870B-0B3FBB1F01A9}.Release|Any CPU.Build.0 = Release|Any CPU
		{D627F8F7-10B8-4CC4-AC55-C4FFC2BB8F28}.Debug|Any CPU.ActiveCfg = Debug|Any CPU
		{D627F8F7-10B8-4CC4-AC55-C4FFC2BB8F28}.Debug|Any CPU.Build.0 = Debug|Any CPU
		{D627F8F7-10B8-4CC4-AC55-C4FFC2BB8F28}.Release|Any CPU.ActiveCfg = Release|Any CPU
		{D627F8F7-10B8-4CC4-AC55-C4FFC2BB8F28}.Release|Any CPU.Build.0 = Release|Any CPU
		{A6D51996-A726-4B63-9D27-5C92EA5CDCDA}.Debug|Any CPU.ActiveCfg = Debug|Any CPU
		{A6D51996-A726-4B63-9D27-5C92EA5CDCDA}.Debug|Any CPU.Build.0 = Debug|Any CPU
		{A6D51996-A726-4B63-9D27-5C92EA5CDCDA}.Release|Any CPU.ActiveCfg = Release|Any CPU
		{A6D51996-A726-4B63-9D27-5C92EA5CDCDA}.Release|Any CPU.Build.0 = Release|Any CPU
		{BAD00B20-13BB-481F-A7A9-1985A7B96AFB}.Debug|Any CPU.ActiveCfg = Debug|Any CPU
		{BAD00B20-13BB-481F-A7A9-1985A7B96AFB}.Debug|Any CPU.Build.0 = Debug|Any CPU
		{BAD00B20-13BB-481F-A7A9-1985A7B96AFB}.Release|Any CPU.ActiveCfg = Release|Any CPU
		{BAD00B20-13BB-481F-A7A9-1985A7B96AFB}.Release|Any CPU.Build.0 = Release|Any CPU
		{A09BC863-784D-4906-A5A9-AD8173B77E80}.Debug|Any CPU.ActiveCfg = Debug|Any CPU
		{A09BC863-784D-4906-A5A9-AD8173B77E80}.Debug|Any CPU.Build.0 = Debug|Any CPU
		{A09BC863-784D-4906-A5A9-AD8173B77E80}.Release|Any CPU.ActiveCfg = Release|Any CPU
		{A09BC863-784D-4906-A5A9-AD8173B77E80}.Release|Any CPU.Build.0 = Release|Any CPU
		{03BBC77A-07E2-4392-9555-E0A579DA47DE}.Debug|Any CPU.ActiveCfg = Debug|Any CPU
		{03BBC77A-07E2-4392-9555-E0A579DA47DE}.Debug|Any CPU.Build.0 = Debug|Any CPU
		{03BBC77A-07E2-4392-9555-E0A579DA47DE}.Release|Any CPU.ActiveCfg = Release|Any CPU
		{03BBC77A-07E2-4392-9555-E0A579DA47DE}.Release|Any CPU.Build.0 = Release|Any CPU
		{4FA65DEA-7EFD-4F2F-A2B0-56198CBD594B}.Debug|Any CPU.ActiveCfg = Debug|Any CPU
		{4FA65DEA-7EFD-4F2F-A2B0-56198CBD594B}.Debug|Any CPU.Build.0 = Debug|Any CPU
		{4FA65DEA-7EFD-4F2F-A2B0-56198CBD594B}.Release|Any CPU.ActiveCfg = Release|Any CPU
		{4FA65DEA-7EFD-4F2F-A2B0-56198CBD594B}.Release|Any CPU.Build.0 = Release|Any CPU
		{64E9C474-B97B-42C3-A9A5-2EDC6A8C8172}.Debug|Any CPU.ActiveCfg = Debug|Any CPU
		{64E9C474-B97B-42C3-A9A5-2EDC6A8C8172}.Debug|Any CPU.Build.0 = Debug|Any CPU
		{64E9C474-B97B-42C3-A9A5-2EDC6A8C8172}.Release|Any CPU.ActiveCfg = Release|Any CPU
		{64E9C474-B97B-42C3-A9A5-2EDC6A8C8172}.Release|Any CPU.Build.0 = Release|Any CPU
		{D59778DE-5795-4AB7-9EFF-AF211814E953}.Debug|Any CPU.ActiveCfg = Debug|Any CPU
		{D59778DE-5795-4AB7-9EFF-AF211814E953}.Debug|Any CPU.Build.0 = Debug|Any CPU
		{D59778DE-5795-4AB7-9EFF-AF211814E953}.Release|Any CPU.ActiveCfg = Release|Any CPU
		{D59778DE-5795-4AB7-9EFF-AF211814E953}.Release|Any CPU.Build.0 = Release|Any CPU
	EndGlobalSection
	GlobalSection(SolutionProperties) = preSolution
		HideSolutionNode = FALSE
	EndGlobalSection
	GlobalSection(NestedProjects) = preSolution
		{AB95B351-EC1B-418D-BFEC-8FBD7EA0E8BD} = {02EA681E-C7D8-13C7-8484-4AC65E1B71E8}
		{CFFBBECF-8EB7-41A8-870B-0B3FBB1F01A9} = {B89267A4-45A4-4A51-9316-BDAD31A21C07}
		{BAD00B20-13BB-481F-A7A9-1985A7B96AFB} = {02EA681E-C7D8-13C7-8484-4AC65E1B71E8}
		{A09BC863-784D-4906-A5A9-AD8173B77E80} = {02EA681E-C7D8-13C7-8484-4AC65E1B71E8}
		{03BBC77A-07E2-4392-9555-E0A579DA47DE} = {B89267A4-45A4-4A51-9316-BDAD31A21C07}
		{4FA65DEA-7EFD-4F2F-A2B0-56198CBD594B} = {CEDE8735-623E-49D3-AC54-65324CA01E58}
		{64E9C474-B97B-42C3-A9A5-2EDC6A8C8172} = {CEDE8735-623E-49D3-AC54-65324CA01E58}
		{D59778DE-5795-4AB7-9EFF-AF211814E953} = {16AD78D2-DAD1-4B72-90B6-3DA63F1BAB7A}
	EndGlobalSection
	GlobalSection(ExtensibilityGlobals) = postSolution
		SolutionGuid = {3790F25A-8FF3-431B-9989-EBD5C954F217}
	EndGlobalSection
EndGlobal
